
Microsoft Visual Studio Solution File, Format Version 12.00
# Visual Studio Version 16
VisualStudioVersion = 16.0.30523.141
MinimumVisualStudioVersion = 10.0.40219.1
Project("{FAE04EC0-301F-11D3-BF4B-00C04F79EFBC}") = "pr8", "pr8.csproj", "{BDFA158E-3BBD-427C-96E0-63FCF7E7D397}"
EndProject
Global
	GlobalSection(SolutionConfigurationPlatforms) = preSolution
		Debug|Any CPU = Debug|Any CPU
		Release|Any CPU = Release|Any CPU
	EndGlobalSection
	GlobalSection(ProjectConfigurationPlatforms) = postSolution
		{BDFA158E-3BBD-427C-96E0-63FCF7E7D397}.Debug|Any CPU.ActiveCfg = Debug|Any CPU
		{BDFA158E-3BBD-427C-96E0-63FCF7E7D397}.Debug|Any CPU.Build.0 = Debug|Any CPU
		{BDFA158E-3BBD-427C-96E0-63FCF7E7D397}.Release|Any CPU.ActiveCfg = Release|Any CPU
		{BDFA158E-3BBD-427C-96E0-63FCF7E7D397}.Release|Any CPU.Build.0 = Release|Any CPU
	EndGlobalSection
	GlobalSection(SolutionProperties) = preSolution
		HideSolutionNode = FALSE
	EndGlobalSection
	GlobalSection(ExtensibilityGlobals) = postSolution
		SolutionGuid = {C507C4B4-DE35-45CD-A455-F56916B393C1}
	EndGlobalSection
EndGlobal
